
Microsoft Visual Studio Solution File, Format Version 12.00
# Visual Studio Version 17
VisualStudioVersion = 17.0.31903.59
MinimumVisualStudioVersion = 10.0.40219.1
Project("{2150E333-8FDC-42A3-9474-1A3956D46DE8}") = "src", "src", "{827E0CD3-B72D-47B6-A68D-7590B98EB39B}"
EndProject
Project("{FAE04EC0-301F-11D3-BF4B-00C04F79EFBC}") = "Firaw.SnapCopyText", "src\Firaw.SnapCopyText\Firaw.SnapCopyText.csproj", "{48098D43-511E-4D00-8099-74A1ECB5FAFD}"
EndProject
Project("{FAE04EC0-301F-11D3-BF4B-00C04F79EFBC}") = "Firaw.SnapCopyText.Launcher", "src\Firaw.SnapCopyText.Launcher\Firaw.SnapCopyText.Launcher.csproj", "{32521B8B-56A4-4B73-8C24-8DDB095502BF}"
EndProject
Project("{2150E333-8FDC-42A3-9474-1A3956D46DE8}") = "tests", "tests", "{0AB3BF05-4346-4AA6-1389-037BE0695223}"
EndProject
Project("{FAE04EC0-301F-11D3-BF4B-00C04F79EFBC}") = "Firaw.SnapCopyText.Tests", "tests\Firaw.SnapCopyText.Tests\Firaw.SnapCopyText.Tests.csproj", "{23DB9967-AA61-44E3-978A-DA2DC74F083F}"
EndProject
Global
	GlobalSection(SolutionConfigurationPlatforms) = preSolution
		Debug|Any CPU = Debug|Any CPU
		Debug|x64 = Debug|x64
		Debug|x86 = Debug|x86
		Release|Any CPU = Release|Any CPU
		Release|x64 = Release|x64
		Release|x86 = Release|x86
	EndGlobalSection
	GlobalSection(ProjectConfigurationPlatforms) = postSolution
		{48098D43-511E-4D00-8099-74A1ECB5FAFD}.Debug|Any CPU.ActiveCfg = Debug|Any CPU
		{48098D43-511E-4D00-8099-74A1ECB5FAFD}.Debug|Any CPU.Build.0 = Debug|Any CPU
		{48098D43-511E-4D00-8099-74A1ECB5FAFD}.Debug|x64.ActiveCfg = Debug|Any CPU
		{48098D43-511E-4D00-8099-74A1ECB5FAFD}.Debug|x64.Build.0 = Debug|Any CPU
		{48098D43-511E-4D00-8099-74A1ECB5FAFD}.Debug|x86.ActiveCfg = Debug|Any CPU
		{48098D43-511E-4D00-8099-74A1ECB5FAFD}.Debug|x86.Build.0 = Debug|Any CPU
		{48098D43-511E-4D00-8099-74A1ECB5FAFD}.Release|Any CPU.ActiveCfg = Release|Any CPU
		{48098D43-511E-4D00-8099-74A1ECB5FAFD}.Release|Any CPU.Build.0 = Release|Any CPU
		{48098D43-511E-4D00-8099-74A1ECB5FAFD}.Release|x64.ActiveCfg = Release|Any CPU
		{48098D43-511E-4D00-8099-74A1ECB5FAFD}.Release|x64.Build.0 = Release|Any CPU
		{48098D43-511E-4D00-8099-74A1ECB5FAFD}.Release|x86.ActiveCfg = Release|Any CPU
		{48098D43-511E-4D00-8099-74A1ECB5FAFD}.Release|x86.Build.0 = Release|Any CPU
		{32521B8B-56A4-4B73-8C24-8DDB095502BF}.Debug|Any CPU.ActiveCfg = Debug|Any CPU
		{32521B8B-56A4-4B73-8C24-8DDB095502BF}.Debug|Any CPU.Build.0 = Debug|Any CPU
		{32521B8B-56A4-4B73-8C24-8DDB095502BF}.Debug|x64.ActiveCfg = Debug|Any CPU
		{32521B8B-56A4-4B73-8C24-8DDB095502BF}.Debug|x64.Build.0 = Debug|Any CPU
		{32521B8B-56A4-4B73-8C24-8DDB095502BF}.Debug|x86.ActiveCfg = Debug|Any CPU
		{32521B8B-56A4-4B73-8C24-8DDB095502BF}.Debug|x86.Build.0 = Debug|Any CPU
		{32521B8B-56A4-4B73-8C24-8DDB095502BF}.Release|Any CPU.ActiveCfg = Release|Any CPU
		{32521B8B-56A4-4B73-8C24-8DDB095502BF}.Release|Any CPU.Build.0 = Release|Any CPU
		{32521B8B-56A4-4B73-8C24-8DDB095502BF}.Release|x64.ActiveCfg = Release|Any CPU
		{32521B8B-56A4-4B73-8C24-8DDB095502BF}.Release|x64.Build.0 = Release|Any CPU
		{32521B8B-56A4-4B73-8C24-8DDB095502BF}.Release|x86.ActiveCfg = Release|Any CPU
		{32521B8B-56A4-4B73-8C24-8DDB095502BF}.Release|x86.Build.0 = Release|Any CPU
		{23DB9967-AA61-44E3-978A-DA2DC74F083F}.Debug|Any CPU.ActiveCfg = Debug|Any CPU
		{23DB9967-AA61-44E3-978A-DA2DC74F083F}.Debug|Any CPU.Build.0 = Debug|Any CPU
		{23DB9967-AA61-44E3-978A-DA2DC74F083F}.Debug|x64.ActiveCfg = Debug|Any CPU
		{23DB9967-AA61-44E3-978A-DA2DC74F083F}.Debug|x64.Build.0 = Debug|Any CPU
		{23DB9967-AA61-44E3-978A-DA2DC74F083F}.Debug|x86.ActiveCfg = Debug|Any CPU
		{23DB9967-AA61-44E3-978A-DA2DC74F083F}.Debug|x86.Build.0 = Debug|Any CPU
		{23DB9967-AA61-44E3-978A-DA2DC74F083F}.Release|Any CPU.ActiveCfg = Release|Any CPU
		{23DB9967-AA61-44E3-978A-DA2DC74F083F}.Release|Any CPU.Build.0 = Release|Any CPU
		{23DB9967-AA61-44E3-978A-DA2DC74F083F}.Release|x64.ActiveCfg = Release|Any CPU
		{23DB9967-AA61-44E3-978A-DA2DC74F083F}.Release|x64.Build.0 = Release|Any CPU
		{23DB9967-AA61-44E3-978A-DA2DC74F083F}.Release|x86.ActiveCfg = Release|Any CPU
		{23DB9967-AA61-44E3-978A-DA2DC74F083F}.Release|x86.Build.0 = Release|Any CPU
	EndGlobalSection
	GlobalSection(SolutionProperties) = preSolution
		HideSolutionNode = FALSE
	EndGlobalSection
	GlobalSection(NestedProjects) = preSolution
		{48098D43-511E-4D00-8099-74A1ECB5FAFD} = {827E0CD3-B72D-47B6-A68D-7590B98EB39B}
		{32521B8B-56A4-4B73-8C24-8DDB095502BF} = {827E0CD3-B72D-47B6-A68D-7590B98EB39B}
		{23DB9967-AA61-44E3-978A-DA2DC74F083F} = {0AB3BF05-4346-4AA6-1389-037BE0695223}
	EndGlobalSection
EndGlobal
